// !$*UTF8*$!
{
	archiveVersion = 1;
	classes = {
	};
	objectVersion = 46;
	objects = {

/* Begin PBXBuildFile section */
		0A2CA2C31F5CF93E00634082 /* main.m in Sources */ = {isa = PBXBuildFile; fileRef = 0A2CA2C21F5CF93E00634082 /* main.m */; };
		0A2CA2C61F5CF93E00634082 /* AppDelegate.m in Sources */ = {isa = PBXBuildFile; fileRef = 0A2CA2C51F5CF93E00634082 /* AppDelegate.m */; };
		0A2CA2C91F5CF93E00634082 /* ViewController.m in Sources */ = {isa = PBXBuildFile; fileRef = 0A2CA2C81F5CF93E00634082 /* ViewController.m */; };
		0A2CA2CC1F5CF93E00634082 /* Main.storyboard in Resources */ = {isa = PBXBuildFile; fileRef = 0A2CA2CA1F5CF93E00634082 /* Main.storyboard */; };
		0A2CA2CE1F5CF93E00634082 /* Assets.xcassets in Resources */ = {isa = PBXBuildFile; fileRef = 0A2CA2CD1F5CF93E00634082 /* Assets.xcassets */; };
		0A2CA2D11F5CF93E00634082 /* LaunchScreen.storyboard in Resources */ = {isa = PBXBuildFile; fileRef = 0A2CA2CF1F5CF93E00634082 /* LaunchScreen.storyboard */; };
		0A2CA2DC1F5CF93E00634082 /* LLYAudioDemoTests.m in Sources */ = {isa = PBXBuildFile; fileRef = 0A2CA2DB1F5CF93E00634082 /* LLYAudioDemoTests.m */; };
		0A2CA2E71F5CF93E00634082 /* LLYAudioDemoUITests.m in Sources */ = {isa = PBXBuildFile; fileRef = 0A2CA2E61F5CF93E00634082 /* LLYAudioDemoUITests.m */; };
		0A2CA3001F5CFA4400634082 /* AVFoundation.framework in Frameworks */ = {isa = PBXBuildFile; fileRef = 0A2CA2FF1F5CFA4400634082 /* AVFoundation.framework */; };
		0A2CA3031F5D407200634082 /* UIImage+OCColorImage.m in Sources */ = {isa = PBXBuildFile; fileRef = 0A2CA3021F5D407200634082 /* UIImage+OCColorImage.m */; };
		0A2CA31C1F5D572100634082 /* 0.mp3 in Resources */ = {isa = PBXBuildFile; fileRef = 0A2CA3141F5D572100634082 /* 0.mp3 */; };
		0A2CA31D1F5D572100634082 /* 1.mp3 in Resources */ = {isa = PBXBuildFile; fileRef = 0A2CA3151F5D572100634082 /* 1.mp3 */; };
		0A2CA31E1F5D572100634082 /* 2.mp3 in Resources */ = {isa = PBXBuildFile; fileRef = 0A2CA3161F5D572100634082 /* 2.mp3 */; };
		0A2CA31F1F5D572100634082 /* 3.mp3 in Resources */ = {isa = PBXBuildFile; fileRef = 0A2CA3171F5D572100634082 /* 3.mp3 */; };
		0A2CA3201F5D572100634082 /* 4.mp3 in Resources */ = {isa = PBXBuildFile; fileRef = 0A2CA3181F5D572100634082 /* 4.mp3 */; };
		0A2CA3211F5D572100634082 /* 5.mp3 in Resources */ = {isa = PBXBuildFile; fileRef = 0A2CA3191F5D572100634082 /* 5.mp3 */; };
		0A2CA3221F5D572100634082 /* 6.mp3 in Resources */ = {isa = PBXBuildFile; fileRef = 0A2CA31A1F5D572100634082 /* 6.mp3 */; };
		0A2CA3231F5D572100634082 /* 7.mp3 in Resources */ = {isa = PBXBuildFile; fileRef = 0A2CA31B1F5D572100634082 /* 7.mp3 */; };
		0A2CA3261F5D5FB700634082 /* LLYMusicModel.m in Sources */ = {isa = PBXBuildFile; fileRef = 0A2CA3251F5D5FB700634082 /* LLYMusicModel.m */; };
/* End PBXBuildFile section */

/* Begin PBXContainerItemProxy section */
		0A2CA2D81F5CF93E00634082 /* PBXContainerItemProxy */ = {
			isa = PBXContainerItemProxy;
			containerPortal = 0A2CA2B61F5CF93E00634082 /* Project object */;
			proxyType = 1;
			remoteGlobalIDString = 0A2CA2BD1F5CF93E00634082;
			remoteInfo = LLYAudioDemo;
		};
		0A2CA2E31F5CF93E00634082 /* PBXContainerItemProxy */ = {
			isa = PBXContainerItemProxy;
			containerPortal = 0A2CA2B61F5CF93E00634082 /* Project object */;
			proxyType = 1;
			remoteGlobalIDString = 0A2CA2BD1F5CF93E00634082;
			remoteInfo = LLYAudioDemo;
		};
/* End PBXContainerItemProxy section */

/* Begin PBXFileReference section */
		0A2CA2BE1F5CF93E00634082 /* LLYAudioDemo.app */ = {isa = PBXFileReference; explicitFileType = wrapper.application; includeInIndex = 0; path = LLYAudioDemo.app; sourceTree = BUILT_PRODUCTS_DIR; };
		0A2CA2C21F5CF93E00634082 /* main.m */ = {isa = PBXFileReference; lastKnownFileType = sourcecode.c.objc; path = main.m; sourceTree = "<group>"; };
		0A2CA2C41F5CF93E00634082 /* AppDelegate.h */ = {isa = PBXFileReference; lastKnownFileType = sourcecode.c.h; path = AppDelegate.h; sourceTree = "<group>"; };
		0A2CA2C51F5CF93E00634082 /* AppDelegate.m */ = {isa = PBXFileReference; lastKnownFileType = sourcecode.c.objc; path = AppDelegate.m; sourceTree = "<group>"; };
		0A2CA2C71F5CF93E00634082 /* ViewController.h */ = {isa = PBXFileReference; lastKnownFileType = sourcecode.c.h; path = ViewController.h; sourceTree = "<group>"; };
		0A2CA2C81F5CF93E00634082 /* ViewController.m */ = {isa = PBXFileReference; lastKnownFileType = sourcecode.c.objc; path = ViewController.m; sourceTree = "<group>"; };
		0A2CA2CB1F5CF93E00634082 /* Base */ = {isa = PBXFileReference; lastKnownFileType = file.storyboard; name = Base; path = Base.lproj/Main.storyboard; sourceTree = "<group>"; };
		0A2CA2CD1F5CF93E00634082 /* Assets.xcassets */ = {isa = PBXFileReference; lastKnownFileType = folder.assetcatalog; path = Assets.xcassets; sourceTree = "<group>"; };
		0A2CA2D01F5CF93E00634082 /* Base */ = {isa = PBXFileReference; lastKnownFileType = file.storyboard; name = Base; path = Base.lproj/LaunchScreen.storyboard; sourceTree = "<group>"; };
		0A2CA2D21F5CF93E00634082 /* Info.plist */ = {isa = PBXFileReference; lastKnownFileType = text.plist.xml; path = Info.plist; sourceTree = "<group>"; };
		0A2CA2D71F5CF93E00634082 /* LLYAudioDemoTests.xctest */ = {isa = PBXFileReference; explicitFileType = wrapper.cfbundle; includeInIndex = 0; path = LLYAudioDemoTests.xctest; sourceTree = BUILT_PRODUCTS_DIR; };
		0A2CA2DB1F5CF93E00634082 /* LLYAudioDemoTests.m */ = {isa = PBXFileReference; lastKnownFileType = sourcecode.c.objc; path = LLYAudioDemoTests.m; sourceTree = "<group>"; };
		0A2CA2DD1F5CF93E00634082 /* Info.plist */ = {isa = PBXFileReference; lastKnownFileType = text.plist.xml; path = Info.plist; sourceTree = "<group>"; };
		0A2CA2E21F5CF93E00634082 /* LLYAudioDemoUITests.xctest */ = {isa = PBXFileReference; explicitFileType = wrapper.cfbundle; includeInIndex = 0; path = LLYAudioDemoUITests.xctest; sourceTree = BUILT_PRODUCTS_DIR; };
		0A2CA2E61F5CF93E00634082 /* LLYAudioDemoUITests.m */ = {isa = PBXFileReference; lastKnownFileType = sourcecode.c.objc; path = LLYAudioDemoUITests.m; sourceTree = "<group>"; };
		0A2CA2E81F5CF93E00634082 /* Info.plist */ = {isa = PBXFileReference; lastKnownFileType = text.plist.xml; path = Info.plist; sourceTree = "<group>"; };
		0A2CA2FF1F5CFA4400634082 /* AVFoundation.framework */ = {isa = PBXFileReference; lastKnownFileType = wrapper.framework; name = AVFoundation.framework; path = System/Library/Frameworks/AVFoundation.framework; sourceTree = SDKROOT; };
		0A2CA3011F5D407200634082 /* UIImage+OCColorImage.h */ = {isa = PBXFileReference; fileEncoding = 4; lastKnownFileType = sourcecode.c.h; path = "UIImage+OCColorImage.h"; sourceTree = "<group>"; };
		0A2CA3021F5D407200634082 /* UIImage+OCColorImage.m */ = {isa = PBXFileReference; fileEncoding = 4; lastKnownFileType = sourcecode.c.objc; path = "UIImage+OCColorImage.m"; sourceTree = "<group>"; };
		0A2CA3141F5D572100634082 /* 0.mp3 */ = {isa = PBXFileReference; lastKnownFileType = audio.mp3; path = 0.mp3; sourceTree = "<group>"; };
		0A2CA3151F5D572100634082 /* 1.mp3 */ = {isa = PBXFileReference; lastKnownFileType = audio.mp3; path = 1.mp3; sourceTree = "<group>"; };
		0A2CA3161F5D572100634082 /* 2.mp3 */ = {isa = PBXFileReference; lastKnownFileType = audio.mp3; path = 2.mp3; sourceTree = "<group>"; };
		0A2CA3171F5D572100634082 /* 3.mp3 */ = {isa = PBXFileReference; lastKnownFileType = audio.mp3; path = 3.mp3; sourceTree = "<group>"; };
		0A2CA3181F5D572100634082 /* 4.mp3 */ = {isa = PBXFileReference; lastKnownFileType = audio.mp3; path = 4.mp3; sourceTree = "<group>"; };
		0A2CA3191F5D572100634082 /* 5.mp3 */ = {isa = PBXFileReference; lastKnownFileType = audio.mp3; path = 5.mp3; sourceTree = "<group>"; };
		0A2CA31A1F5D572100634082 /* 6.mp3 */ = {isa = PBXFileReference; lastKnownFileType = audio.mp3; path = 6.mp3; sourceTree = "<group>"; };
		0A2CA31B1F5D572100634082 /* 7.mp3 */ = {isa = PBXFileReference; lastKnownFileType = audio.mp3; path = 7.mp3; sourceTree = "<group>"; };
		0A2CA3241F5D5FB700634082 /* LLYMusicModel.h */ = {isa = PBXFileReference; fileEncoding = 4; lastKnownFileType = sourcecode.c.h; path = LLYMusicModel.h; sourceTree = "<group>"; };
		0A2CA3251F5D5FB700634082 /* LLYMusicModel.m */ = {isa = PBXFileReference; fileEncoding = 4; lastKnownFileType = sourcecode.c.objc; path = LLYMusicModel.m; sourceTree = "<group>"; };
/* End PBXFileReference section */

/* Begin PBXFrameworksBuildPhase section */
		0A2CA2BB1F5CF93E00634082 /* Frameworks */ = {
			isa = PBXFrameworksBuildPhase;
			buildActionMask = 2147483647;
			files = (
				0A2CA3001F5CFA4400634082 /* AVFoundation.framework in Frameworks */,
			);
			runOnlyForDeploymentPostprocessing = 0;
		};
		0A2CA2D41F5CF93E00634082 /* Frameworks */ = {
			isa = PBXFrameworksBuildPhase;
			buildActionMask = 2147483647;
			files = (
			);
			runOnlyForDeploymentPostprocessing = 0;
		};
		0A2CA2DF1F5CF93E00634082 /* Frameworks */ = {
			isa = PBXFrameworksBuildPhase;
			buildActionMask = 2147483647;
			files = (
			);
			runOnlyForDeploymentPostprocessing = 0;
		};
/* End PBXFrameworksBuildPhase section */

/* Begin PBXGroup section */
		0A2CA2B51F5CF93E00634082 = {
			isa = PBXGroup;
			children = (
				0A2CA2F91F5CFA0700634082 /* AudioSource */,
				0A2CA2C01F5CF93E00634082 /* LLYAudioDemo */,
				0A2CA2DA1F5CF93E00634082 /* LLYAudioDemoTests */,
				0A2CA2E51F5CF93E00634082 /* LLYAudioDemoUITests */,
				0A2CA2BF1F5CF93E00634082 /* Products */,
				0A2CA2FE1F5CFA4400634082 /* Frameworks */,
			);
			sourceTree = "<group>";
		};
		0A2CA2BF1F5CF93E00634082 /* Products */ = {
			isa = PBXGroup;
			children = (
				0A2CA2BE1F5CF93E00634082 /* LLYAudioDemo.app */,
				0A2CA2D71F5CF93E00634082 /* LLYAudioDemoTests.xctest */,
				0A2CA2E21F5CF93E00634082 /* LLYAudioDemoUITests.xctest */,
			);
			name = Products;
			sourceTree = "<group>";
		};
		0A2CA2C01F5CF93E00634082 /* LLYAudioDemo */ = {
			isa = PBXGroup;
			children = (
				0A2CA3241F5D5FB700634082 /* LLYMusicModel.h */,
				0A2CA3251F5D5FB700634082 /* LLYMusicModel.m */,
				0A2CA3011F5D407200634082 /* UIImage+OCColorImage.h */,
				0A2CA3021F5D407200634082 /* UIImage+OCColorImage.m */,
				0A2CA2C41F5CF93E00634082 /* AppDelegate.h */,
				0A2CA2C51F5CF93E00634082 /* AppDelegate.m */,
				0A2CA2C71F5CF93E00634082 /* ViewController.h */,
				0A2CA2C81F5CF93E00634082 /* ViewController.m */,
				0A2CA2CA1F5CF93E00634082 /* Main.storyboard */,
				0A2CA2CD1F5CF93E00634082 /* Assets.xcassets */,
				0A2CA2CF1F5CF93E00634082 /* LaunchScreen.storyboard */,
				0A2CA2D21F5CF93E00634082 /* Info.plist */,
				0A2CA2C11F5CF93E00634082 /* Supporting Files */,
			);
			path = LLYAudioDemo;
			sourceTree = "<group>";
		};
		0A2CA2C11F5CF93E00634082 /* Supporting Files */ = {
			isa = PBXGroup;
			children = (
				0A2CA2C21F5CF93E00634082 /* main.m */,
			);
			name = "Supporting Files";
			sourceTree = "<group>";
		};
		0A2CA2DA1F5CF93E00634082 /* LLYAudioDemoTests */ = {
			isa = PBXGroup;
			children = (
				0A2CA2DB1F5CF93E00634082 /* LLYAudioDemoTests.m */,
				0A2CA2DD1F5CF93E00634082 /* Info.plist */,
			);
			path = LLYAudioDemoTests;
			sourceTree = "<group>";
		};
		0A2CA2E51F5CF93E00634082 /* LLYAudioDemoUITests */ = {
			isa = PBXGroup;
			children = (
				0A2CA2E61F5CF93E00634082 /* LLYAudioDemoUITests.m */,
				0A2CA2E81F5CF93E00634082 /* Info.plist */,
			);
			path = LLYAudioDemoUITests;
			sourceTree = "<group>";
		};
		0A2CA2F91F5CFA0700634082 /* AudioSource */ = {
			isa = PBXGroup;
			children = (
				0A2CA3141F5D572100634082 /* 0.mp3 */,
				0A2CA3151F5D572100634082 /* 1.mp3 */,
				0A2CA3161F5D572100634082 /* 2.mp3 */,
				0A2CA3171F5D572100634082 /* 3.mp3 */,
				0A2CA3181F5D572100634082 /* 4.mp3 */,
				0A2CA3191F5D572100634082 /* 5.mp3 */,
				0A2CA31A1F5D572100634082 /* 6.mp3 */,
				0A2CA31B1F5D572100634082 /* 7.mp3 */,
			);
			name = AudioSource;
			path = LLYAudioDemo/AudioSource;
			sourceTree = "<group>";
		};
		0A2CA2FE1F5CFA4400634082 /* Frameworks */ = {
			isa = PBXGroup;
			children = (
				0A2CA2FF1F5CFA4400634082 /* AVFoundation.framework */,
			);
			name = Frameworks;
			sourceTree = "<group>";
		};
/* End PBXGroup section */

/* Begin PBXNativeTarget section */
		0A2CA2BD1F5CF93E00634082 /* LLYAudioDemo */ = {
			isa = PBXNativeTarget;
			buildConfigurationList = 0A2CA2EB1F5CF93E00634082 /* Build configuration list for PBXNativeTarget "LLYAudioDemo" */;
			buildPhases = (
				0A2CA2BA1F5CF93E00634082 /* Sources */,
				0A2CA2BB1F5CF93E00634082 /* Frameworks */,
				0A2CA2BC1F5CF93E00634082 /* Resources */,
			);
			buildRules = (
			);
			dependencies = (
			);
			name = LLYAudioDemo;
			productName = LLYAudioDemo;
			productReference = 0A2CA2BE1F5CF93E00634082 /* LLYAudioDemo.app */;
			productType = "com.apple.product-type.application";
		};
		0A2CA2D61F5CF93E00634082 /* LLYAudioDemoTests */ = {
			isa = PBXNativeTarget;
			buildConfigurationList = 0A2CA2EE1F5CF93E00634082 /* Build configuration list for PBXNativeTarget "LLYAudioDemoTests" */;
			buildPhases = (
				0A2CA2D31F5CF93E00634082 /* Sources */,
				0A2CA2D41F5CF93E00634082 /* Frameworks */,
				0A2CA2D51F5CF93E00634082 /* Resources */,
			);
			buildRules = (
			);
			dependencies = (
				0A2CA2D91F5CF93E00634082 /* PBXTargetDependency */,
			);
			name = LLYAudioDemoTests;
			productName = LLYAudioDemoTests;
			productReference = 0A2CA2D71F5CF93E00634082 /* LLYAudioDemoTests.xctest */;
			productType = "com.apple.product-type.bundle.unit-test";
		};
		0A2CA2E11F5CF93E00634082 /* LLYAudioDemoUITests */ = {
			isa = PBXNativeTarget;
			buildConfigurationList = 0A2CA2F11F5CF93E00634082 /* Build configuration list for PBXNativeTarget "LLYAudioDemoUITests" */;
			buildPhases = (
				0A2CA2DE1F5CF93E00634082 /* Sources */,
				0A2CA2DF1F5CF93E00634082 /* Frameworks */,
				0A2CA2E01F5CF93E00634082 /* Resources */,
			);
			buildRules = (
			);
			dependencies = (
				0A2CA2E41F5CF93E00634082 /* PBXTargetDependency */,
			);
			name = LLYAudioDemoUITests;
			productName = LLYAudioDemoUITests;
			productReference = 0A2CA2E21F5CF93E00634082 /* LLYAudioDemoUITests.xctest */;
			productType = "com.apple.product-type.bundle.ui-testing";
		};
/* End PBXNativeTarget section */

/* Begin PBXProject section */
		0A2CA2B61F5CF93E00634082 /* Project object */ = {
			isa = PBXProject;
			attributes = {
				LastUpgradeCheck = 0830;
				ORGANIZATIONNAME = lly;
				TargetAttributes = {
					0A2CA2BD1F5CF93E00634082 = {
						CreatedOnToolsVersion = 8.3.3;
						DevelopmentTeam = PW2BL84NY9;
						ProvisioningStyle = Automatic;
						SystemCapabilities = {
							com.apple.BackgroundModes = {
								enabled = 1;
							};
						};
					};
					0A2CA2D61F5CF93E00634082 = {
						CreatedOnToolsVersion = 8.3.3;
						DevelopmentTeam = PW2BL84NY9;
						ProvisioningStyle = Automatic;
						TestTargetID = 0A2CA2BD1F5CF93E00634082;
					};
					0A2CA2E11F5CF93E00634082 = {
						CreatedOnToolsVersion = 8.3.3;
						DevelopmentTeam = PW2BL84NY9;
						ProvisioningStyle = Automatic;
						TestTargetID = 0A2CA2BD1F5CF93E00634082;
					};
				};
			};
			buildConfigurationList = 0A2CA2B91F5CF93E00634082 /* Build configuration list for PBXProject "LLYAudioDemo" */;
			compatibilityVersion = "Xcode 3.2";
			developmentRegion = English;
			hasScannedForEncodings = 0;
			knownRegions = (
				en,
				Base,
			);
			mainGroup = 0A2CA2B51F5CF93E00634082;
			productRefGroup = 0A2CA2BF1F5CF93E00634082 /* Products */;
			projectDirPath = "";
			projectRoot = "";
			targets = (
				0A2CA2BD1F5CF93E00634082 /* LLYAudioDemo */,
				0A2CA2D61F5CF93E00634082 /* LLYAudioDemoTests */,
				0A2CA2E11F5CF93E00634082 /* LLYAudioDemoUITests */,
			);
		};
/* End PBXProject section */

/* Begin PBXResourcesBuildPhase section */
		0A2CA2BC1F5CF93E00634082 /* Resources */ = {
			isa = PBXResourcesBuildPhase;
			buildActionMask = 2147483647;
			files = (
				0A2CA3231F5D572100634082 /* 7.mp3 in Resources */,
				0A2CA2D11F5CF93E00634082 /* LaunchScreen.storyboard in Resources */,
				0A2CA31F1F5D572100634082 /* 3.mp3 in Resources */,
				0A2CA2CE1F5CF93E00634082 /* Assets.xcassets in Resources */,
				0A2CA2CC1F5CF93E00634082 /* Main.storyboard in Resources */,
				0A2CA31E1F5D572100634082 /* 2.mp3 in Resources */,
				0A2CA31C1F5D572100634082 /* 0.mp3 in Resources */,
				0A2CA3211F5D572100634082 /* 5.mp3 in Resources */,
				0A2CA31D1F5D572100634082 /* 1.mp3 in Resources */,
				0A2CA3201F5D572100634082 /* 4.mp3 in Resources */,
				0A2CA3221F5D572100634082 /* 6.mp3 in Resources */,
			);
			runOnlyForDeploymentPostprocessing = 0;
		};
		0A2CA2D51F5CF93E00634082 /* Resources */ = {
			isa = PBXResourcesBuildPhase;
			buildActionMask = 2147483647;
			files = (
			);
			runOnlyForDeploymentPostprocessing = 0;
		};
		0A2CA2E01F5CF93E00634082 /* Resources */ = {
			isa = PBXResourcesBuildPhase;
			buildActionMask = 2147483647;
			files = (
			);
			runOnlyForDeploymentPostprocessing = 0;
		};
/* End PBXResourcesBuildPhase section */

/* Begin PBXSourcesBuildPhase section */
		0A2CA2BA1F5CF93E00634082 /* Sources */ = {
			isa = PBXSourcesBuildPhase;
			buildActionMask = 2147483647;
			files = (
				0A2CA2C91F5CF93E00634082 /* ViewController.m in Sources */,
				0A2CA3031F5D407200634082 /* UIImage+OCColorImage.m in Sources */,
				0A2CA2C61F5CF93E00634082 /* AppDelegate.m in Sources */,
				0A2CA3261F5D5FB700634082 /* LLYMusicModel.m in Sources */,
				0A2CA2C31F5CF93E00634082 /* main.m in Sources */,
			);
			runOnlyForDeploymentPostprocessing = 0;
		};
		0A2CA2D31F5CF93E00634082 /* Sources */ = {
			isa = PBXSourcesBuildPhase;
			buildActionMask = 2147483647;
			files = (
				0A2CA2DC1F5CF93E00634082 /* LLYAudioDemoTests.m in Sources */,
			);
			runOnlyForDeploymentPostprocessing = 0;
		};
		0A2CA2DE1F5CF93E00634082 /* Sources */ = {
			isa = PBXSourcesBuildPhase;
			buildActionMask = 2147483647;
			files = (
				0A2CA2E71F5CF93E00634082 /* LLYAudioDemoUITests.m in Sources */,
			);
			runOnlyForDeploymentPostprocessing = 0;
		};
/* End PBXSourcesBuildPhase section */

/* Begin PBXTargetDependency section */
		0A2CA2D91F5CF93E00634082 /* PBXTargetDependency */ = {
			isa = PBXTargetDependency;
			target = 0A2CA2BD1F5CF93E00634082 /* LLYAudioDemo */;
			targetProxy = 0A2CA2D81F5CF93E00634082 /* PBXContainerItemProxy */;
		};
		0A2CA2E41F5CF93E00634082 /* PBXTargetDependency */ = {
			isa = PBXTargetDependency;
			target = 0A2CA2BD1F5CF93E00634082 /* LLYAudioDemo */;
			targetProxy = 0A2CA2E31F5CF93E00634082 /* PBXContainerItemProxy */;
		};
/* End PBXTargetDependency section */

/* Begin PBXVariantGroup section */
		0A2CA2CA1F5CF93E00634082 /* Main.storyboard */ = {
			isa = PBXVariantGroup;
			children = (
				0A2CA2CB1F5CF93E00634082 /* Base */,
			);
			name = Main.storyboard;
			sourceTree = "<group>";
		};
		0A2CA2CF1F5CF93E00634082 /* LaunchScreen.storyboard */ = {
			isa = PBXVariantGroup;
			children = (
				0A2CA2D01F5CF93E00634082 /* Base */,
			);
			name = LaunchScreen.storyboard;
			sourceTree = "<group>";
		};
/* End PBXVariantGroup section */

/* Begin XCBuildConfiguration section */
		0A2CA2E91F5CF93E00634082 /* Debug */ = {
			isa = XCBuildConfiguration;
			buildSettings = {
				ALWAYS_SEARCH_USER_PATHS = NO;
				CLANG_ANALYZER_NONNULL = YES;
				CLANG_ANALYZER_NUMBER_OBJECT_CONVERSION = YES_AGGRESSIVE;
				CLANG_CXX_LANGUAGE_STANDARD = "gnu++0x";
				CLANG_CXX_LIBRARY = "libc++";
				CLANG_ENABLE_MODULES = YES;
				CLANG_ENABLE_OBJC_ARC = YES;
				CLANG_WARN_BOOL_CONVERSION = YES;
				CLANG_WARN_CONSTANT_CONVERSION = YES;
				CLANG_WARN_DIRECT_OBJC_ISA_USAGE = YES_ERROR;
				CLANG_WARN_DOCUMENTATION_COMMENTS = YES;
				CLANG_WARN_EMPTY_BODY = YES;
				CLANG_WARN_ENUM_CONVERSION = YES;
				CLANG_WARN_INFINITE_RECURSION = YES;
				CLANG_WARN_INT_CONVERSION = YES;
				CLANG_WARN_OBJC_ROOT_CLASS = YES_ERROR;
				CLANG_WARN_SUSPICIOUS_MOVE = YES;
				CLANG_WARN_UNREACHABLE_CODE = YES;
				CLANG_WARN__DUPLICATE_METHOD_MATCH = YES;
				"CODE_SIGN_IDENTITY[sdk=iphoneos*]" = "iPhone Developer";
				COPY_PHASE_STRIP = NO;
				DEBUG_INFORMATION_FORMAT = dwarf;
				ENABLE_STRICT_OBJC_MSGSEND = YES;
				ENABLE_TESTABILITY = YES;
				GCC_C_LANGUAGE_STANDARD = gnu99;
				GCC_DYNAMIC_NO_PIC = NO;
				GCC_NO_COMMON_BLOCKS = YES;
				GCC_OPTIMIZATION_LEVEL = 0;
				GCC_PREPROCESSOR_DEFINITIONS = (
					"DEBUG=1",
					"$(inherited)",
				);
				GCC_WARN_64_TO_32_BIT_CONVERSION = YES;
				GCC_WARN_ABOUT_RETURN_TYPE = YES_ERROR;
				GCC_WARN_UNDECLARED_SELECTOR = YES;
				GCC_WARN_UNINITIALIZED_AUTOS = YES_AGGRESSIVE;
				GCC_WARN_UNUSED_FUNCTION = YES;
				GCC_WARN_UNUSED_VARIABLE = YES;
				IPHONEOS_DEPLOYMENT_TARGET = 10.3;
				MTL_ENABLE_DEBUG_INFO = YES;
				ONLY_ACTIVE_ARCH = YES;
				SDKROOT = iphoneos;
			};
			name = Debug;
		};
		0A2CA2EA1F5CF93E00634082 /* Release */ = {
			isa = XCBuildConfiguration;
			buildSettings = {
				ALWAYS_SEARCH_USER_PATHS = NO;
				CLANG_ANALYZER_NONNULL = YES;
				CLANG_ANALYZER_NUMBER_OBJECT_CONVERSION = YES_AGGRESSIVE;
				CLANG_CXX_LANGUAGE_STANDARD = "gnu++0x";
				CLANG_CXX_LIBRARY = "libc++";
				CLANG_ENABLE_MODULES = YES;
				CLANG_ENABLE_OBJC_ARC = YES;
				CLANG_WARN_BOOL_CONVERSION = YES;
				CLANG_WARN_CONSTANT_CONVERSION = YES;
				CLANG_WARN_DIRECT_OBJC_ISA_USAGE = YES_ERROR;
				CLANG_WARN_DOCUMENTATION_COMMENTS = YES;
				CLANG_WARN_EMPTY_BODY = YES;
				CLANG_WARN_ENUM_CONVERSION = YES;
				CLANG_WARN_INFINITE_RECURSION = YES;
				CLANG_WARN_INT_CONVERSION = YES;
				CLANG_WARN_OBJC_ROOT_CLASS = YES_ERROR;
				CLANG_WARN_SUSPICIOUS_MOVE = YES;
				CLANG_WARN_UNREACHABLE_CODE = YES;
				CLANG_WARN__DUPLICATE_METHOD_MATCH = YES;
				"CODE_SIGN_IDENTITY[sdk=iphoneos*]" = "iPhone Developer";
				COPY_PHASE_STRIP = NO;
				DEBUG_INFORMATION_FORMAT = "dwarf-with-dsym";
				ENABLE_NS_ASSERTIONS = NO;
				ENABLE_STRICT_OBJC_MSGSEND = YES;
				GCC_C_LANGUAGE_STANDARD = gnu99;
				GCC_NO_COMMON_BLOCKS = YES;
				GCC_WARN_64_TO_32_BIT_CONVERSION = YES;
				GCC_WARN_ABOUT_RETURN_TYPE = YES_ERROR;
				GCC_WARN_UNDECLARED_SELECTOR = YES;
				GCC_WARN_UNINITIALIZED_AUTOS = YES_AGGRESSIVE;
				GCC_WARN_UNUSED_FUNCTION = YES;
				GCC_WARN_UNUSED_VARIABLE = YES;
				IPHONEOS_DEPLOYMENT_TARGET = 10.3;
				MTL_ENABLE_DEBUG_INFO = NO;
				SDKROOT = iphoneos;
				VALIDATE_PRODUCT = YES;
			};
			name = Release;
		};
		0A2CA2EC1F5CF93E00634082 /* Debug */ = {
			isa = XCBuildConfiguration;
			buildSettings = {
				ASSETCATALOG_COMPILER_APPICON_NAME = AppIcon;
				DEVELOPMENT_TEAM = PW2BL84NY9;
				INFOPLIST_FILE = LLYAudioDemo/Info.plist;
				LD_RUNPATH_SEARCH_PATHS = "$(inherited) @executable_path/Frameworks";
				PRODUCT_BUNDLE_IDENTIFIER = com.lly.LLYAudioDemo;
				PRODUCT_NAME = "$(TARGET_NAME)";
			};
			name = Debug;
		};
		0A2CA2ED1F5CF93E00634082 /* Release */ = {
			isa = XCBuildConfiguration;
			buildSettings = {
				ASSETCATALOG_COMPILER_APPICON_NAME = AppIcon;
				DEVELOPMENT_TEAM = PW2BL84NY9;
				INFOPLIST_FILE = LLYAudioDemo/Info.plist;
				LD_RUNPATH_SEARCH_PATHS = "$(inherited) @executable_path/Frameworks";
				PRODUCT_BUNDLE_IDENTIFIER = com.lly.LLYAudioDemo;
				PRODUCT_NAME = "$(TARGET_NAME)";
			};
			name = Release;
		};
		0A2CA2EF1F5CF93E00634082 /* Debug */ = {
			isa = XCBuildConfiguration;
			buildSettings = {
				BUNDLE_LOADER = "$(TEST_HOST)";
				DEVELOPMENT_TEAM = PW2BL84NY9;
				INFOPLIST_FILE = LLYAudioDemoTests/Info.plist;
				LD_RUNPATH_SEARCH_PATHS = "$(inherited) @executable_path/Frameworks @loader_path/Frameworks";
				PRODUCT_BUNDLE_IDENTIFIER = com.lly.LLYAudioDemoTests;
				PRODUCT_NAME = "$(TARGET_NAME)";
				TEST_HOST = "$(BUILT_PRODUCTS_DIR)/LLYAudioDemo.app/LLYAudioDemo";
			};
			name = Debug;
		};
		0A2CA2F01F5CF93E00634082 /* Release */ = {
			isa = XCBuildConfiguration;
			buildSettings = {
				BUNDLE_LOADER = "$(TEST_HOST)";
				DEVELOPMENT_TEAM = PW2BL84NY9;
				INFOPLIST_FILE = LLYAudioDemoTests/Info.plist;
				LD_RUNPATH_SEARCH_PATHS = "$(inherited) @executable_path/Frameworks @loader_path/Frameworks";
				PRODUCT_BUNDLE_IDENTIFIER = com.lly.LLYAudioDemoTests;
				PRODUCT_NAME = "$(TARGET_NAME)";
				TEST_HOST = "$(BUILT_PRODUCTS_DIR)/LLYAudioDemo.app/LLYAudioDemo";
			};
			name = Release;
		};
		0A2CA2F21F5CF93E00634082 /* Debug */ = {
			isa = XCBuildConfiguration;
			buildSettings = {
				DEVELOPMENT_TEAM = PW2BL84NY9;
				INFOPLIST_FILE = LLYAudioDemoUITests/Info.plist;
				LD_RUNPATH_SEARCH_PATHS = "$(inherited) @executable_path/Frameworks @loader_path/Frameworks";
				PRODUCT_BUNDLE_IDENTIFIER = com.lly.LLYAudioDemoUITests;
				PRODUCT_NAME = "$(TARGET_NAME)";
				TEST_TARGET_NAME = LLYAudioDemo;
			};
			name = Debug;
		};
		0A2CA2F31F5CF93E00634082 /* Release */ = {
			isa = XCBuildConfiguration;
			buildSettings = {
				DEVELOPMENT_TEAM = PW2BL84NY9;
				INFOPLIST_FILE = LLYAudioDemoUITests/Info.plist;
				LD_RUNPATH_SEARCH_PATHS = "$(inherited) @executable_path/Frameworks @loader_path/Frameworks";
				PRODUCT_BUNDLE_IDENTIFIER = com.lly.LLYAudioDemoUITests;
				PRODUCT_NAME = "$(TARGET_NAME)";
				TEST_TARGET_NAME = LLYAudioDemo;
			};
			name = Release;
		};
/* End XCBuildConfiguration section */

/* Begin XCConfigurationList section */
		0A2CA2B91F5CF93E00634082 /* Build configuration list for PBXProject "LLYAudioDemo" */ = {
			isa = XCConfigurationList;
			buildConfigurations = (
				0A2CA2E91F5CF93E00634082 /* Debug */,
				0A2CA2EA1F5CF93E00634082 /* Release */,
			);
			defaultConfigurationIsVisible = 0;
			defaultConfigurationName = Release;
		};
		0A2CA2EB1F5CF93E00634082 /* Build configuration list for PBXNativeTarget "LLYAudioDemo" */ = {
			isa = XCConfigurationList;
			buildConfigurations = (
				0A2CA2EC1F5CF93E00634082 /* Debug */,
				0A2CA2ED1F5CF93E00634082 /* Release */,
			);
			defaultConfigurationIsVisible = 0;
		};
		0A2CA2EE1F5CF93E00634082 /* Build configuration list for PBXNativeTarget "LLYAudioDemoTests" */ = {
			isa = XCConfigurationList;
			buildConfigurations = (
				0A2CA2EF1F5CF93E00634082 /* Debug */,
				0A2CA2F01F5CF93E00634082 /* Release */,
			);
			defaultConfigurationIsVisible = 0;
		};
		0A2CA2F11F5CF93E00634082 /* Build configuration list for PBXNativeTarget "LLYAudioDemoUITests" */ = {
			isa = XCConfigurationList;
			buildConfigurations = (
				0A2CA2F21F5CF93E00634082 /* Debug */,
				0A2CA2F31F5CF93E00634082 /* Release */,
			);
			defaultConfigurationIsVisible = 0;
		};
/* End XCConfigurationList section */
	};
	rootObject = 0A2CA2B61F5CF93E00634082 /* Project object */;
}
